{
  "name": "axiom-plugin-builder",
  "version": "1.0.0",
  "lockfileVersion": 3,
  "requires": true,
  "packages": {
    "": {
      "name": "axiom-plugin-builder",
      "version": "1.0.0",
      "license": "MIT",
      "bin": {
        "axiom-plugin-builder": "src/mcp/server.js"
      }
    }
  }
}
